dependencies:
- name: mongodb
  repository: ""
  version: 16.2.2
- name: psmdb-operator
  repository: ""
  version: 1.21.1
- name: psmdb-db
  repository: ""
  version: 1.21.1
digest: sha256:6c3f19302e146b500b13919d0b3b89a0f37e069ce719e8daadfda1a82302418d
generated: "2025-11-19T14:50:21.20416968+05:30"
