dependencies:
- name: gpu-health-monitor
  repository: ""
  version: 0.1.0
- name: mongodb-store
  repository: ""
  version: 0.1.0
- name: fault-quarantine
  repository: ""
  version: 0.1.0
- name: node-drainer
  repository: ""
  version: 0.1.0
- name: fault-remediation
  repository: ""
  version: 0.1.0
- name: health-events-analyzer
  repository: ""
  version: 0.1.0
- name: csp-health-monitor
  repository: ""
  version: 0.1.0
- name: syslog-health-monitor
  repository: ""
  version: 0.1.0
- name: incluster-file-server
  repository: ""
  version: 0.1.0
- name: labeler
  repository: ""
  version: 0.1.0
- name: janitor
  repository: ""
  version: 0.1.0
- name: metadata-collector
  repository: ""
  version: 0.1.0
digest: sha256:213412942dd8de06d0af46e8e7c98bef2efb351169398844e49d3b5638a51aa5
generated: "2025-11-13T21:34:00.135123541+05:30"
